# THIS IS AN AUTOGENERATED FILE. DO NOT EDIT THIS FILE DIRECTLY.
# yarn lockfile v1


"@napi-rs/triples@^1.0.3":
  version "1.1.0"
  resolved "https://registry.yarnpkg.com/@napi-rs/triples/-/triples-1.1.0.tgz#88c35b72e79a20b79bb4c9b3e2817241a1c9f4f9"
  integrity sha512-XQr74QaLeMiqhStEhLn1im9EOMnkypp7MZOwQhGzqp2Weu5eQJbpPxWxixxlYRKWPOmJjsk6qYfYH9kq43yc2w==

"@node-rs/helper@^1.2.1":
  version "1.2.1"
  resolved "https://registry.yarnpkg.com/@node-rs/helper/-/helper-1.2.1.tgz#e079b05f21ff4329d82c4e1f71c0290e4ecdc70c"
  integrity sha512-R5wEmm8nbuQU0YGGmYVjEc0OHtYsuXdpRG+Ut/3wZ9XAvQWyThN08bTh2cBJgoZxHQUPtvRfeQuxcAgLuiBISg==
  dependencies:
    "@napi-rs/triples" "^1.0.3"

"@shisama/napi-sample-darwin-x64@0.1.0":
  version "0.1.0"
  resolved "https://registry.yarnpkg.com/@shisama/napi-sample-darwin-x64/-/napi-sample-darwin-x64-0.1.0.tgz#99bf6878ee0db4e84dee110788e158fc50d33c75"
  integrity sha512-YMFI0luzGHbQ0/Z4J72Q2rDxMTfxr7Lj6ExNKT2q3JbFklaTQs7blDpskN7mSHR80ANihaNheoN+nXQT8OU5MQ==

"@shisama/napi-sample-linux-x64-gnu@0.1.0":
  version "0.1.0"
  resolved "https://registry.yarnpkg.com/@shisama/napi-sample-linux-x64-gnu/-/napi-sample-linux-x64-gnu-0.1.0.tgz#ee920628a0342881388ef77a1d78378b3d7a8ee9"
  integrity sha512-vV81XOhJxSNLhr/R0BzXHQy3A/P5rN7sffjS/2Me++Nw/H6/HlDMToob1iFhFuHyy1oKJrARfIRGNKU8iakayA==

"@shisama/napi-sample-win32-x64-msvc@0.1.0":
  version "0.1.0"
  resolved "https://registry.yarnpkg.com/@shisama/napi-sample-win32-x64-msvc/-/napi-sample-win32-x64-msvc-0.1.0.tgz#6ae1ad8c54e3421ec826a1f74027bd8bdad3451d"
  integrity sha512-gQaThvILyJ+Qi11k8lQk+yyeuQq2zBbxs6DZ06yknWqOS7/4PDZBlDzMZyBaoHN4xyAENmBRjk3Rfe/9sGzVHw==

"@shisama/napi-sample@^0.1.0":
  version "0.1.0"
  resolved "https://registry.yarnpkg.com/@shisama/napi-sample/-/napi-sample-0.1.0.tgz#4675e1979a1f43d059c47b301d971af40d6fbac2"
  integrity sha512-IRBpAgfKPD+FbC7u/umzXxMBL5u+DdoppzYjtf4NvjD2BHDhhb7GRG9gsxFrxoPDDbs3Aj5lnYRH6s/V6yJKEw==
  dependencies:
    "@node-rs/helper" "^1.2.1"
  optionalDependencies:
    "@shisama/napi-sample-darwin-x64" "0.1.0"
    "@shisama/napi-sample-linux-x64-gnu" "0.1.0"
    "@shisama/napi-sample-win32-x64-msvc" "0.1.0"
